
Microsoft Visual Studio Solution File, Format Version 11.00
# Visual Studio 2010
Project("{FAE04EC0-301F-11D3-BF4B-00C04F79EFBC}") = "Unity.InputSystem", "Unity.InputSystem.csproj", "{a1800fa7-6041-a99b-0b0e-c86b3cca5dbc}"
EndProject
Project("{FAE04EC0-301F-11D3-BF4B-00C04F79EFBC}") = "Unity.Addressables.Editor", "Unity.Addressables.Editor.csproj", "{fe67f857-d95f-9b0e-d478-b54f86cd1f2b}"
EndProject
Project("{FAE04EC0-301F-11D3-BF4B-00C04F79EFBC}") = "Unity.ScriptableBuildPipeline.Editor", "Unity.ScriptableBuildPipeline.Editor.csproj", "{a6431fb4-f2da-e210-907c-fc2e6046b04e}"
EndProject
Project("{FAE04EC0-301F-11D3-BF4B-00C04F79EFBC}") = "NuGetForUnity", "NuGetForUnity.csproj", "{352aa54a-9aa6-d75d-2744-827bac5c14e3}"
EndProject
Project("{FAE04EC0-301F-11D3-BF4B-00C04F79EFBC}") = "Unity.Addressables", "Unity.Addressables.csproj", "{6f1cbf8d-d13b-d3a0-a39b-b979293120c0}"
EndProject
Project("{FAE04EC0-301F-11D3-BF4B-00C04F79EFBC}") = "UnityEditor.TestRunner", "UnityEditor.TestRunner.csproj", "{c901bb77-8d76-1924-4d50-fcb82b40b6ea}"
EndProject
Project("{FAE04EC0-301F-11D3-BF4B-00C04F79EFBC}") = "UnityEngine.TestRunner", "UnityEngine.TestRunner.csproj", "{954ba8ed-a890-b789-6e5b-b7852e6a4d0a}"
EndProject
Project("{FAE04EC0-301F-11D3-BF4B-00C04F79EFBC}") = "Unity.Rider.Editor", "Unity.Rider.Editor.csproj", "{cf97de8c-4883-9ecf-65ec-69f7bbadbb19}"
EndProject
Project("{FAE04EC0-301F-11D3-BF4B-00C04F79EFBC}") = "Unity.ResourceManager", "Unity.ResourceManager.csproj", "{cb2268c9-5e51-fead-6304-ceff7d694002}"
EndProject
Project("{FAE04EC0-301F-11D3-BF4B-00C04F79EFBC}") = "Unity.VisualStudio.Editor", "Unity.VisualStudio.Editor.csproj", "{6480470e-3f9b-87a6-745a-9a4a84803cf5}"
EndProject
Project("{FAE04EC0-301F-11D3-BF4B-00C04F79EFBC}") = "Unity.InputSystem.TestFramework", "Unity.InputSystem.TestFramework.csproj", "{ee279e36-fdd9-a99a-dd21-be9dd6d6d470}"
EndProject
Project("{FAE04EC0-301F-11D3-BF4B-00C04F79EFBC}") = "PlayerLoopInterface", "PlayerLoopInterface.csproj", "{63b9b842-b765-943b-6e23-7299bb2a9e13}"
EndProject
Project("{FAE04EC0-301F-11D3-BF4B-00C04F79EFBC}") = "PlayerLoopTools", "PlayerLoopTools.csproj", "{8c2a47c8-cd44-e502-6d51-9187c987ac6a}"
EndProject
Project("{FAE04EC0-301F-11D3-BF4B-00C04F79EFBC}") = "Assembly-CSharp", "Assembly-CSharp.csproj", "{44a7d11f-d49d-bab4-e2ba-720f1d9d3fb6}"
EndProject
Project("{FAE04EC0-301F-11D3-BF4B-00C04F79EFBC}") = "Unity.InputSystem.ForUI", "Unity.InputSystem.ForUI.csproj", "{46ceba4e-6aa1-aab6-e16e-804da1fa3e46}"
EndProject
Project("{FAE04EC0-301F-11D3-BF4B-00C04F79EFBC}") = "Unity.ScriptableBuildPipeline", "Unity.ScriptableBuildPipeline.csproj", "{6c3728aa-9946-205f-360b-94ec142f9277}"
EndProject
Project("{FAE04EC0-301F-11D3-BF4B-00C04F79EFBC}") = "Unity.InputSystem", "Unity.InputSystem.Player.csproj", "{36f6658f-723a-e846-3f60-fb5fc8f352ef}"
EndProject
Project("{FAE04EC0-301F-11D3-BF4B-00C04F79EFBC}") = "Unity.Addressables", "Unity.Addressables.Player.csproj", "{f838c037-6c67-9695-006e-3f6b016d9962}"
EndProject
Project("{FAE04EC0-301F-11D3-BF4B-00C04F79EFBC}") = "UnityEngine.TestRunner", "UnityEngine.TestRunner.Player.csproj", "{4ea215d3-0836-d748-bbc8-323c0f16193b}"
EndProject
Project("{FAE04EC0-301F-11D3-BF4B-00C04F79EFBC}") = "Unity.ResourceManager", "Unity.ResourceManager.Player.csproj", "{79ab777e-c7ca-1a66-9af6-6110ec2e1528}"
EndProject
Project("{FAE04EC0-301F-11D3-BF4B-00C04F79EFBC}") = "Unity.InputSystem.TestFramework", "Unity.InputSystem.TestFramework.Player.csproj", "{6c487f8a-6107-f8b0-cbd0-c1f3c8b6c8ad}"
EndProject
Project("{FAE04EC0-301F-11D3-BF4B-00C04F79EFBC}") = "PlayerLoopInterface", "PlayerLoopInterface.Player.csproj", "{cd202ed8-c033-1e28-f64f-74704b859515}"
EndProject
Project("{FAE04EC0-301F-11D3-BF4B-00C04F79EFBC}") = "PlayerLoopTools", "PlayerLoopTools.Player.csproj", "{62a3ff0c-3b52-77ca-90b6-c762cfd9c259}"
EndProject
Project("{FAE04EC0-301F-11D3-BF4B-00C04F79EFBC}") = "Assembly-CSharp", "Assembly-CSharp.Player.csproj", "{58539c7c-9e51-5eb3-fdf1-70fe68ad8a29}"
EndProject
Project("{FAE04EC0-301F-11D3-BF4B-00C04F79EFBC}") = "Unity.InputSystem.ForUI", "Unity.InputSystem.ForUI.Player.csproj", "{ab472a60-fc2a-e75c-6304-176ca6997ee7}"
EndProject
Project("{FAE04EC0-301F-11D3-BF4B-00C04F79EFBC}") = "Unity.ScriptableBuildPipeline", "Unity.ScriptableBuildPipeline.Player.csproj", "{3718083a-2238-3d35-86df-1d2404389479}"
EndProject
Project("{FAE04EC0-301F-11D3-BF4B-00C04F79EFBC}") = "Unity.Addressables.Editor.Tests", "Unity.Addressables.Editor.Tests.csproj", "{319189ca-fe7c-984e-3e4e-c964badecdf6}"
EndProject
Project("{FAE04EC0-301F-11D3-BF4B-00C04F79EFBC}") = "Unity.ResourceManager.Tests", "Unity.ResourceManager.Tests.csproj", "{941ae866-2f1e-7202-ceeb-fe8b4a572493}"
EndProject
Project("{FAE04EC0-301F-11D3-BF4B-00C04F79EFBC}") = "Unity.ScriptableBuildPipeline.Editor.Tests", "Unity.ScriptableBuildPipeline.Editor.Tests.csproj", "{14699f30-3268-f7a4-683a-600491b04d82}"
EndProject
Project("{FAE04EC0-301F-11D3-BF4B-00C04F79EFBC}") = "Unity.Addressables.Tests", "Unity.Addressables.Tests.csproj", "{13c15833-9f48-bc8b-a816-f3a7f857ee3b}"
EndProject
Project("{FAE04EC0-301F-11D3-BF4B-00C04F79EFBC}") = "Unity.InputSystem.IntegrationTests", "Unity.InputSystem.IntegrationTests.csproj", "{81a95bd2-4529-8124-b66a-456ecc3f7902}"
EndProject
Project("{FAE04EC0-301F-11D3-BF4B-00C04F79EFBC}") = "Unity.ScriptableBuildPipeline.Tests", "Unity.ScriptableBuildPipeline.Tests.csproj", "{c00ec14d-2387-4b2f-2952-4f1b8f2910e9}"
EndProject
Global
	GlobalSection(SolutionConfigurationPlatforms) = preSolution
		Debug|Any CPU = Debug|Any CPU
	EndGlobalSection
	GlobalSection(ProjectConfigurationPlatforms) = postSolution
		{a1800fa7-6041-a99b-0b0e-c86b3cca5dbc}.Debug|Any CPU.ActiveCfg = Debug|Any CPU
		{a1800fa7-6041-a99b-0b0e-c86b3cca5dbc}.Debug|Any CPU.Build.0 = Debug|Any CPU
		{fe67f857-d95f-9b0e-d478-b54f86cd1f2b}.Debug|Any CPU.ActiveCfg = Debug|Any CPU
		{fe67f857-d95f-9b0e-d478-b54f86cd1f2b}.Debug|Any CPU.Build.0 = Debug|Any CPU
		{a6431fb4-f2da-e210-907c-fc2e6046b04e}.Debug|Any CPU.ActiveCfg = Debug|Any CPU
		{a6431fb4-f2da-e210-907c-fc2e6046b04e}.Debug|Any CPU.Build.0 = Debug|Any CPU
		{352aa54a-9aa6-d75d-2744-827bac5c14e3}.Debug|Any CPU.ActiveCfg = Debug|Any CPU
		{352aa54a-9aa6-d75d-2744-827bac5c14e3}.Debug|Any CPU.Build.0 = Debug|Any CPU
		{6f1cbf8d-d13b-d3a0-a39b-b979293120c0}.Debug|Any CPU.ActiveCfg = Debug|Any CPU
		{6f1cbf8d-d13b-d3a0-a39b-b979293120c0}.Debug|Any CPU.Build.0 = Debug|Any CPU
		{c901bb77-8d76-1924-4d50-fcb82b40b6ea}.Debug|Any CPU.ActiveCfg = Debug|Any CPU
		{c901bb77-8d76-1924-4d50-fcb82b40b6ea}.Debug|Any CPU.Build.0 = Debug|Any CPU
		{954ba8ed-a890-b789-6e5b-b7852e6a4d0a}.Debug|Any CPU.ActiveCfg = Debug|Any CPU
		{954ba8ed-a890-b789-6e5b-b7852e6a4d0a}.Debug|Any CPU.Build.0 = Debug|Any CPU
		{cf97de8c-4883-9ecf-65ec-69f7bbadbb19}.Debug|Any CPU.ActiveCfg = Debug|Any CPU
		{cf97de8c-4883-9ecf-65ec-69f7bbadbb19}.Debug|Any CPU.Build.0 = Debug|Any CPU
		{cb2268c9-5e51-fead-6304-ceff7d694002}.Debug|Any CPU.ActiveCfg = Debug|Any CPU
		{cb2268c9-5e51-fead-6304-ceff7d694002}.Debug|Any CPU.Build.0 = Debug|Any CPU
		{6480470e-3f9b-87a6-745a-9a4a84803cf5}.Debug|Any CPU.ActiveCfg = Debug|Any CPU
		{6480470e-3f9b-87a6-745a-9a4a84803cf5}.Debug|Any CPU.Build.0 = Debug|Any CPU
		{ee279e36-fdd9-a99a-dd21-be9dd6d6d470}.Debug|Any CPU.ActiveCfg = Debug|Any CPU
		{ee279e36-fdd9-a99a-dd21-be9dd6d6d470}.Debug|Any CPU.Build.0 = Debug|Any CPU
		{63b9b842-b765-943b-6e23-7299bb2a9e13}.Debug|Any CPU.ActiveCfg = Debug|Any CPU
		{63b9b842-b765-943b-6e23-7299bb2a9e13}.Debug|Any CPU.Build.0 = Debug|Any CPU
		{8c2a47c8-cd44-e502-6d51-9187c987ac6a}.Debug|Any CPU.ActiveCfg = Debug|Any CPU
		{8c2a47c8-cd44-e502-6d51-9187c987ac6a}.Debug|Any CPU.Build.0 = Debug|Any CPU
		{44a7d11f-d49d-bab4-e2ba-720f1d9d3fb6}.Debug|Any CPU.ActiveCfg = Debug|Any CPU
		{44a7d11f-d49d-bab4-e2ba-720f1d9d3fb6}.Debug|Any CPU.Build.0 = Debug|Any CPU
		{46ceba4e-6aa1-aab6-e16e-804da1fa3e46}.Debug|Any CPU.ActiveCfg = Debug|Any CPU
		{46ceba4e-6aa1-aab6-e16e-804da1fa3e46}.Debug|Any CPU.Build.0 = Debug|Any CPU
		{6c3728aa-9946-205f-360b-94ec142f9277}.Debug|Any CPU.ActiveCfg = Debug|Any CPU
		{6c3728aa-9946-205f-360b-94ec142f9277}.Debug|Any CPU.Build.0 = Debug|Any CPU
		{36f6658f-723a-e846-3f60-fb5fc8f352ef}.Debug|Any CPU.ActiveCfg = Debug|Any CPU
		{36f6658f-723a-e846-3f60-fb5fc8f352ef}.Debug|Any CPU.Build.0 = Debug|Any CPU
		{f838c037-6c67-9695-006e-3f6b016d9962}.Debug|Any CPU.ActiveCfg = Debug|Any CPU
		{f838c037-6c67-9695-006e-3f6b016d9962}.Debug|Any CPU.Build.0 = Debug|Any CPU
		{4ea215d3-0836-d748-bbc8-323c0f16193b}.Debug|Any CPU.ActiveCfg = Debug|Any CPU
		{4ea215d3-0836-d748-bbc8-323c0f16193b}.Debug|Any CPU.Build.0 = Debug|Any CPU
		{79ab777e-c7ca-1a66-9af6-6110ec2e1528}.Debug|Any CPU.ActiveCfg = Debug|Any CPU
		{79ab777e-c7ca-1a66-9af6-6110ec2e1528}.Debug|Any CPU.Build.0 = Debug|Any CPU
		{6c487f8a-6107-f8b0-cbd0-c1f3c8b6c8ad}.Debug|Any CPU.ActiveCfg = Debug|Any CPU
		{6c487f8a-6107-f8b0-cbd0-c1f3c8b6c8ad}.Debug|Any CPU.Build.0 = Debug|Any CPU
		{cd202ed8-c033-1e28-f64f-74704b859515}.Debug|Any CPU.ActiveCfg = Debug|Any CPU
		{cd202ed8-c033-1e28-f64f-74704b859515}.Debug|Any CPU.Build.0 = Debug|Any CPU
		{62a3ff0c-3b52-77ca-90b6-c762cfd9c259}.Debug|Any CPU.ActiveCfg = Debug|Any CPU
		{62a3ff0c-3b52-77ca-90b6-c762cfd9c259}.Debug|Any CPU.Build.0 = Debug|Any CPU
		{58539c7c-9e51-5eb3-fdf1-70fe68ad8a29}.Debug|Any CPU.ActiveCfg = Debug|Any CPU
		{58539c7c-9e51-5eb3-fdf1-70fe68ad8a29}.Debug|Any CPU.Build.0 = Debug|Any CPU
		{ab472a60-fc2a-e75c-6304-176ca6997ee7}.Debug|Any CPU.ActiveCfg = Debug|Any CPU
		{ab472a60-fc2a-e75c-6304-176ca6997ee7}.Debug|Any CPU.Build.0 = Debug|Any CPU
		{3718083a-2238-3d35-86df-1d2404389479}.Debug|Any CPU.ActiveCfg = Debug|Any CPU
		{3718083a-2238-3d35-86df-1d2404389479}.Debug|Any CPU.Build.0 = Debug|Any CPU
		{319189ca-fe7c-984e-3e4e-c964badecdf6}.Debug|Any CPU.ActiveCfg = Debug|Any CPU
		{319189ca-fe7c-984e-3e4e-c964badecdf6}.Debug|Any CPU.Build.0 = Debug|Any CPU
		{941ae866-2f1e-7202-ceeb-fe8b4a572493}.Debug|Any CPU.ActiveCfg = Debug|Any CPU
		{941ae866-2f1e-7202-ceeb-fe8b4a572493}.Debug|Any CPU.Build.0 = Debug|Any CPU
		{14699f30-3268-f7a4-683a-600491b04d82}.Debug|Any CPU.ActiveCfg = Debug|Any CPU
		{14699f30-3268-f7a4-683a-600491b04d82}.Debug|Any CPU.Build.0 = Debug|Any CPU
		{13c15833-9f48-bc8b-a816-f3a7f857ee3b}.Debug|Any CPU.ActiveCfg = Debug|Any CPU
		{13c15833-9f48-bc8b-a816-f3a7f857ee3b}.Debug|Any CPU.Build.0 = Debug|Any CPU
		{81a95bd2-4529-8124-b66a-456ecc3f7902}.Debug|Any CPU.ActiveCfg = Debug|Any CPU
		{81a95bd2-4529-8124-b66a-456ecc3f7902}.Debug|Any CPU.Build.0 = Debug|Any CPU
		{c00ec14d-2387-4b2f-2952-4f1b8f2910e9}.Debug|Any CPU.ActiveCfg = Debug|Any CPU
		{c00ec14d-2387-4b2f-2952-4f1b8f2910e9}.Debug|Any CPU.Build.0 = Debug|Any CPU
	EndGlobalSection
	GlobalSection(SolutionProperties) = preSolution
		HideSolutionNode = FALSE
	EndGlobalSection
EndGlobal
